// !$*UTF8*$!
{
	archiveVersion = 1;
	classes = {
	};
	objectVersion = 55;
	objects = {

/* Begin PBXBuildFile section */
		C92645F428D03A9700F1B518 /* AppDelegate.swift in Sources */ = {isa = PBXBuildFile; fileRef = C92645F328D03A9700F1B518 /* AppDelegate.swift */; };
		C92645F628D03A9700F1B518 /* SceneDelegate.swift in Sources */ = {isa = PBXBuildFile; fileRef = C92645F528D03A9700F1B518 /* SceneDelegate.swift */; };
		C92645F828D03A9700F1B518 /* ViewController.swift in Sources */ = {isa = PBXBuildFile; fileRef = C92645F728D03A9700F1B518 /* ViewController.swift */; };
		C92645FB28D03A9700F1B518 /* Main.storyboard in Resources */ = {isa = PBXBuildFile; fileRef = C92645F928D03A9700F1B518 /* Main.storyboard */; };
		C92645FD28D03A9C00F1B518 /* Assets.xcassets in Resources */ = {isa = PBXBuildFile; fileRef = C92645FC28D03A9C00F1B518 /* Assets.xcassets */; };
		C926460028D03A9C00F1B518 /* LaunchScreen.storyboard in Resources */ = {isa = PBXBuildFile; fileRef = C92645FE28D03A9C00F1B518 /* LaunchScreen.storyboard */; };
		C96679FD2923270300BD6F54 /* TableViewCell.swift in Sources */ = {isa = PBXBuildFile; fileRef = C96679FC2923270300BD6F54 /* TableViewCell.swift */; };
		C96679FF292B258800BD6F54 /* CityForecast.swift in Sources */ = {isa = PBXBuildFile; fileRef = C96679FE292B258800BD6F54 /* CityForecast.swift */; };
		C96DC45328D2776400648F4E /* CollectionViewCell.swift in Sources */ = {isa = PBXBuildFile; fileRef = C96DC45228D2776400648F4E /* CollectionViewCell.swift */; };
		C96DC45528E29F5100648F4E /* FetchWeatherData.swift in Sources */ = {isa = PBXBuildFile; fileRef = C96DC45428E29F5100648F4E /* FetchWeatherData.swift */; };
		C96DC45728E4B0D400648F4E /* City.swift in Sources */ = {isa = PBXBuildFile; fileRef = C96DC45628E4B0D400648F4E /* City.swift */; };
/* End PBXBuildFile section */

/* Begin PBXFileReference section */
		C92645F028D03A9700F1B518 /* WeatherApp.app */ = {isa = PBXFileReference; explicitFileType = wrapper.application; includeInIndex = 0; path = WeatherApp.app; sourceTree = BUILT_PRODUCTS_DIR; };
		C92645F328D03A9700F1B518 /* AppDelegate.swift */ = {isa = PBXFileReference; lastKnownFileType = sourcecode.swift; path = AppDelegate.swift; sourceTree = "<group>"; };
		C92645F528D03A9700F1B518 /* SceneDelegate.swift */ = {isa = PBXFileReference; lastKnownFileType = sourcecode.swift; path = SceneDelegate.swift; sourceTree = "<group>"; };
		C92645F728D03A9700F1B518 /* ViewController.swift */ = {isa = PBXFileReference; lastKnownFileType = sourcecode.swift; path = ViewController.swift; sourceTree = "<group>"; };
		C92645FA28D03A9700F1B518 /* Base */ = {isa = PBXFileReference; lastKnownFileType = file.storyboard; name = Base; path = Base.lproj/Main.storyboard; sourceTree = "<group>"; };
		C92645FC28D03A9C00F1B518 /* Assets.xcassets */ = {isa = PBXFileReference; lastKnownFileType = folder.assetcatalog; path = Assets.xcassets; sourceTree = "<group>"; };
		C92645FF28D03A9C00F1B518 /* Base */ = {isa = PBXFileReference; lastKnownFileType = file.storyboard; name = Base; path = Base.lproj/LaunchScreen.storyboard; sourceTree = "<group>"; };
		C926460128D03A9C00F1B518 /* Info.plist */ = {isa = PBXFileReference; lastKnownFileType = text.plist.xml; path = Info.plist; sourceTree = "<group>"; };
		C96679FC2923270300BD6F54 /* TableViewCell.swift */ = {isa = PBXFileReference; lastKnownFileType = sourcecode.swift; path = TableViewCell.swift; sourceTree = "<group>"; };
		C96679FE292B258800BD6F54 /* CityForecast.swift */ = {isa = PBXFileReference; lastKnownFileType = sourcecode.swift; path = CityForecast.swift; sourceTree = "<group>"; };
		C96DC45228D2776400648F4E /* CollectionViewCell.swift */ = {isa = PBXFileReference; lastKnownFileType = sourcecode.swift; path = CollectionViewCell.swift; sourceTree = "<group>"; };
		C96DC45428E29F5100648F4E /* FetchWeatherData.swift */ = {isa = PBXFileReference; lastKnownFileType = sourcecode.swift; path = FetchWeatherData.swift; sourceTree = "<group>"; };
		C96DC45628E4B0D400648F4E /* City.swift */ = {isa = PBXFileReference; lastKnownFileType = sourcecode.swift; path = City.swift; sourceTree = "<group>"; };
/* End PBXFileReference section */

/* Begin PBXFrameworksBuildPhase section */
		C92645ED28D03A9700F1B518 /* Frameworks */ = {
			isa = PBXFrameworksBuildPhase;
			buildActionMask = 2147483647;
			files = (
			);
			runOnlyForDeploymentPostprocessing = 0;
		};
/* End PBXFrameworksBuildPhase section */

/* Begin PBXGroup section */
		C92645E728D03A9700F1B518 = {
			isa = PBXGroup;
			children = (
				C92645F228D03A9700F1B518 /* WeatherApp */,
				C92645F128D03A9700F1B518 /* Products */,
			);
			sourceTree = "<group>";
		};
		C92645F128D03A9700F1B518 /* Products */ = {
			isa = PBXGroup;
			children = (
				C92645F028D03A9700F1B518 /* WeatherApp.app */,
			);
			name = Products;
			sourceTree = "<group>";
		};
		C92645F228D03A9700F1B518 /* WeatherApp */ = {
			isa = PBXGroup;
			children = (
				C92645F328D03A9700F1B518 /* AppDelegate.swift */,
				C92645F528D03A9700F1B518 /* SceneDelegate.swift */,
				C96DC44F28D2772500648F4E /* Views */,
				C96DC45028D2773000648F4E /* Models */,
				C96DC45128D2774600648F4E /* ViewModels */,
				C92645F928D03A9700F1B518 /* Main.storyboard */,
				C92645FC28D03A9C00F1B518 /* Assets.xcassets */,
				C92645FE28D03A9C00F1B518 /* LaunchScreen.storyboard */,
				C926460128D03A9C00F1B518 /* Info.plist */,
			);
			path = WeatherApp;
			sourceTree = "<group>";
		};
		C96DC44F28D2772500648F4E /* Views */ = {
			isa = PBXGroup;
			children = (
				C92645F728D03A9700F1B518 /* ViewController.swift */,
			);
			path = Views;
			sourceTree = "<group>";
		};
		C96DC45028D2773000648F4E /* Models */ = {
			isa = PBXGroup;
			children = (
				C96DC45628E4B0D400648F4E /* City.swift */,
				C96679FE292B258800BD6F54 /* CityForecast.swift */,
			);
			path = Models;
			sourceTree = "<group>";
		};
		C96DC45128D2774600648F4E /* ViewModels */ = {
			isa = PBXGroup;
			children = (
				C96DC45228D2776400648F4E /* CollectionViewCell.swift */,
				C96679FC2923270300BD6F54 /* TableViewCell.swift */,
				C96DC45428E29F5100648F4E /* FetchWeatherData.swift */,
			);
			path = ViewModels;
			sourceTree = "<group>";
		};
/* End PBXGroup section */

/* Begin PBXNativeTarget section */
		C92645EF28D03A9700F1B518 /* WeatherApp */ = {
			isa = PBXNativeTarget;
			buildConfigurationList = C926460428D03A9C00F1B518 /* Build configuration list for PBXNativeTarget "WeatherApp" */;
			buildPhases = (
				C92645EC28D03A9700F1B518 /* Sources */,
				C92645ED28D03A9700F1B518 /* Frameworks */,
				C92645EE28D03A9700F1B518 /* Resources */,
			);
			buildRules = (
			);
			dependencies = (
			);
			name = WeatherApp;
			productName = WeatherApp;
			productReference = C92645F028D03A9700F1B518 /* WeatherApp.app */;
			productType = "com.apple.product-type.application";
		};
/* End PBXNativeTarget section */

/* Begin PBXProject section */
		C92645E828D03A9700F1B518 /* Project object */ = {
			isa = PBXProject;
			attributes = {
				BuildIndependentTargetsInParallel = 1;
				LastSwiftUpdateCheck = 1340;
				LastUpgradeCheck = 1340;
				TargetAttributes = {
					C92645EF28D03A9700F1B518 = {
						CreatedOnToolsVersion = 13.4.1;
					};
				};
			};
			buildConfigurationList = C92645EB28D03A9700F1B518 /* Build configuration list for PBXProject "WeatherApp" */;
			compatibilityVersion = "Xcode 13.0";
			developmentRegion = en;
			hasScannedForEncodings = 0;
			knownRegions = (
				en,
				Base,
			);
			mainGroup = C92645E728D03A9700F1B518;
			productRefGroup = C92645F128D03A9700F1B518 /* Products */;
			projectDirPath = "";
			projectRoot = "";
			targets = (
				C92645EF28D03A9700F1B518 /* WeatherApp */,
			);
		};
/* End PBXProject section */

/* Begin PBXResourcesBuildPhase section */
		C92645EE28D03A9700F1B518 /* Resources */ = {
			isa = PBXResourcesBuildPhase;
			buildActionMask = 2147483647;
			files = (
				C926460028D03A9C00F1B518 /* LaunchScreen.storyboard in Resources */,
				C92645FD28D03A9C00F1B518 /* Assets.xcassets in Resources */,
				C92645FB28D03A9700F1B518 /* Main.storyboard in Resources */,
			);
			runOnlyForDeploymentPostprocessing = 0;
		};
/* End PBXResourcesBuildPhase section */

/* Begin PBXSourcesBuildPhase section */
		C92645EC28D03A9700F1B518 /* Sources */ = {
			isa = PBXSourcesBuildPhase;
			buildActionMask = 2147483647;
			files = (
				C92645F828D03A9700F1B518 /* ViewController.swift in Sources */,
				C92645F428D03A9700F1B518 /* AppDelegate.swift in Sources */,
				C96DC45728E4B0D400648F4E /* City.swift in Sources */,
				C96DC45328D2776400648F4E /* CollectionViewCell.swift in Sources */,
				C92645F628D03A9700F1B518 /* SceneDelegate.swift in Sources */,
				C96679FF292B258800BD6F54 /* CityForecast.swift in Sources */,
				C96679FD2923270300BD6F54 /* TableViewCell.swift in Sources */,
				C96DC45528E29F5100648F4E /* FetchWeatherData.swift in Sources */,
			);
			runOnlyForDeploymentPostprocessing = 0;
		};
/* End PBXSourcesBuildPhase section */

/* Begin PBXVariantGroup section */
		C92645F928D03A9700F1B518 /* Main.storyboard */ = {
			isa = PBXVariantGroup;
			children = (
				C92645FA28D03A9700F1B518 /* Base */,
			);
			name = Main.storyboard;
			sourceTree = "<group>";
		};
		C92645FE28D03A9C00F1B518 /* LaunchScreen.storyboard */ = {
			isa = PBXVariantGroup;
			children = (
				C92645FF28D03A9C00F1B518 /* Base */,
			);
			name = LaunchScreen.storyboard;
			sourceTree = "<group>";
		};
/* End PBXVariantGroup section */

/* Begin XCBuildConfiguration section */
		C926460228D03A9C00F1B518 /* Debug */ = {
			isa = XCBuildConfiguration;
			buildSettings = {
				ALWAYS_SEARCH_USER_PATHS = NO;
				CLANG_ANALYZER_NONNULL = YES;
				CLANG_ANALYZER_NUMBER_OBJECT_CONVERSION = YES_AGGRESSIVE;
				CLANG_CXX_LANGUAGE_STANDARD = "gnu++17";
				CLANG_ENABLE_MODULES = YES;
				CLANG_ENABLE_OBJC_ARC = YES;
				CLANG_ENABLE_OBJC_WEAK = YES;
				CLANG_WARN_BLOCK_CAPTURE_AUTORELEASING = YES;
				CLANG_WARN_BOOL_CONVERSION = YES;
				CLANG_WARN_COMMA = YES;
				CLANG_WARN_CONSTANT_CONVERSION = YES;
				CLANG_WARN_DEPRECATED_OBJC_IMPLEMENTATIONS = YES;
				CLANG_WARN_DIRECT_OBJC_ISA_USAGE = YES_ERROR;
				CLANG_WARN_DOCUMENTATION_COMMENTS = YES;
				CLANG_WARN_EMPTY_BODY = YES;
				CLANG_WARN_ENUM_CONVERSION = YES;
				CLANG_WARN_INFINITE_RECURSION = YES;
				CLANG_WARN_INT_CONVERSION = YES;
				CLANG_WARN_NON_LITERAL_NULL_CONVERSION = YES;
				CLANG_WARN_OBJC_IMPLICIT_RETAIN_SELF = YES;
				CLANG_WARN_OBJC_LITERAL_CONVERSION = YES;
				CLANG_WARN_OBJC_ROOT_CLASS = YES_ERROR;
				CLANG_WARN_QUOTED_INCLUDE_IN_FRAMEWORK_HEADER = YES;
				CLANG_WARN_RANGE_LOOP_ANALYSIS = YES;
				CLANG_WARN_STRICT_PROTOTYPES = YES;
				CLANG_WARN_SUSPICIOUS_MOVE = YES;
				CLANG_WARN_UNGUARDED_AVAILABILITY = YES_AGGRESSIVE;
				CLANG_WARN_UNREACHABLE_CODE = YES;
				CLANG_WARN__DUPLICATE_METHOD_MATCH = YES;
				COPY_PHASE_STRIP = NO;
				DEBUG_INFORMATION_FORMAT = dwarf;
				ENABLE_STRICT_OBJC_MSGSEND = YES;
				ENABLE_TESTABILITY = YES;
				GCC_C_LANGUAGE_STANDARD = gnu11;
				GCC_DYNAMIC_NO_PIC = NO;
				GCC_NO_COMMON_BLOCKS = YES;
				GCC_OPTIMIZATION_LEVEL = 0;
				GCC_PREPROCESSOR_DEFINITIONS = (
					"DEBUG=1",
					"$(inherited)",
				);
				GCC_WARN_64_TO_32_BIT_CONVERSION = YES;
				GCC_WARN_ABOUT_RETURN_TYPE = YES_ERROR;
				GCC_WARN_UNDECLARED_SELECTOR = YES;
				GCC_WARN_UNINITIALIZED_AUTOS = YES_AGGRESSIVE;
				GCC_WARN_UNUSED_FUNCTION = YES;
				GCC_WARN_UNUSED_VARIABLE = YES;
				IPHONEOS_DEPLOYMENT_TARGET = 15.5;
				MTL_ENABLE_DEBUG_INFO = INCLUDE_SOURCE;
				MTL_FAST_MATH = YES;
				ONLY_ACTIVE_ARCH = YES;
				SDKROOT = iphoneos;
				SWIFT_ACTIVE_COMPILATION_CONDITIONS = DEBUG;
				SWIFT_OPTIMIZATION_LEVEL = "-Onone";
			};
			name = Debug;
		};
		C926460328D03A9C00F1B518 /* Release */ = {
			isa = XCBuildConfiguration;
			buildSettings = {
				ALWAYS_SEARCH_USER_PATHS = NO;
				CLANG_ANALYZER_NONNULL = YES;
				CLANG_ANALYZER_NUMBER_OBJECT_CONVERSION = YES_AGGRESSIVE;
				CLANG_CXX_LANGUAGE_STANDARD = "gnu++17";
				CLANG_ENABLE_MODULES = YES;
				CLANG_ENABLE_OBJC_ARC = YES;
				CLANG_ENABLE_OBJC_WEAK = YES;
				CLANG_WARN_BLOCK_CAPTURE_AUTORELEASING = YES;
				CLANG_WARN_BOOL_CONVERSION = YES;
				CLANG_WARN_COMMA = YES;
				CLANG_WARN_CONSTANT_CONVERSION = YES;
				CLANG_WARN_DEPRECATED_OBJC_IMPLEMENTATIONS = YES;
				CLANG_WARN_DIRECT_OBJC_ISA_USAGE = YES_ERROR;
				CLANG_WARN_DOCUMENTATION_COMMENTS = YES;
				CLANG_WARN_EMPTY_BODY = YES;
				CLANG_WARN_ENUM_CONVERSION = YES;
				CLANG_WARN_INFINITE_RECURSION = YES;
				CLANG_WARN_INT_CONVERSION = YES;
				CLANG_WARN_NON_LITERAL_NULL_CONVERSION = YES;
				CLANG_WARN_OBJC_IMPLICIT_RETAIN_SELF = YES;
				CLANG_WARN_OBJC_LITERAL_CONVERSION = YES;
				CLANG_WARN_OBJC_ROOT_CLASS = YES_ERROR;
				CLANG_WARN_QUOTED_INCLUDE_IN_FRAMEWORK_HEADER = YES;
				CLANG_WARN_RANGE_LOOP_ANALYSIS = YES;
				CLANG_WARN_STRICT_PROTOTYPES = YES;
				CLANG_WARN_SUSPICIOUS_MOVE = YES;
				CLANG_WARN_UNGUARDED_AVAILABILITY = YES_AGGRESSIVE;
				CLANG_WARN_UNREACHABLE_CODE = YES;
				CLANG_WARN__DUPLICATE_METHOD_MATCH = YES;
				COPY_PHASE_STRIP = NO;
				DEBUG_INFORMATION_FORMAT = "dwarf-with-dsym";
				ENABLE_NS_ASSERTIONS = NO;
				ENABLE_STRICT_OBJC_MSGSEND = YES;
				GCC_C_LANGUAGE_STANDARD = gnu11;
				GCC_NO_COMMON_BLOCKS = YES;
				GCC_WARN_64_TO_32_BIT_CONVERSION = YES;
				GCC_WARN_ABOUT_RETURN_TYPE = YES_ERROR;
				GCC_WARN_UNDECLARED_SELECTOR = YES;
				GCC_WARN_UNINITIALIZED_AUTOS = YES_AGGRESSIVE;
				GCC_WARN_UNUSED_FUNCTION = YES;
				GCC_WARN_UNUSED_VARIABLE = YES;
				IPHONEOS_DEPLOYMENT_TARGET = 15.5;
				MTL_ENABLE_DEBUG_INFO = NO;
				MTL_FAST_MATH = YES;
				SDKROOT = iphoneos;
				SWIFT_COMPILATION_MODE = wholemodule;
				SWIFT_OPTIMIZATION_LEVEL = "-O";
				VALIDATE_PRODUCT = YES;
			};
			name = Release;
		};
		C926460528D03A9C00F1B518 /* Debug */ = {
			isa = XCBuildConfiguration;
			buildSettings = {
				ASSETCATALOG_COMPILER_APPICON_NAME = AppIcon;
				ASSETCATALOG_COMPILER_GLOBAL_ACCENT_COLOR_NAME = AccentColor;
				CODE_SIGN_STYLE = Automatic;
				CURRENT_PROJECT_VERSION = 1;
				DEVELOPMENT_TEAM = 3665C8ZVRS;
				GENERATE_INFOPLIST_FILE = YES;
				INFOPLIST_FILE = WeatherApp/Info.plist;
				INFOPLIST_KEY_NSLocationAlwaysAndWhenInUseUsageDescription = "We need your location in order to grab the weather data";
				INFOPLIST_KEY_UIApplicationSupportsIndirectInputEvents = YES;
				INFOPLIST_KEY_UILaunchStoryboardName = LaunchScreen;
				INFOPLIST_KEY_UIMainStoryboardFile = Main;
				INFOPLIST_KEY_UISupportedInterfaceOrientations_iPad = "UIInterfaceOrientationPortrait UIInterfaceOrientationPortraitUpsideDown UIInterfaceOrientationLandscapeLeft UIInterfaceOrientationLandscapeRight";
				INFOPLIST_KEY_UISupportedInterfaceOrientations_iPhone = "UIInterfaceOrientationPortrait UIInterfaceOrientationLandscapeLeft UIInterfaceOrientationLandscapeRight";
				LD_RUNPATH_SEARCH_PATHS = (
					"$(inherited)",
					"@executable_path/Frameworks",
				);
				MARKETING_VERSION = 1.0;
				PRODUCT_BUNDLE_IDENTIFIER = com.Example.WeatherApp;
				PRODUCT_NAME = "$(TARGET_NAME)";
				SWIFT_EMIT_LOC_STRINGS = YES;
				SWIFT_VERSION = 5.0;
				TARGETED_DEVICE_FAMILY = "1,2";
			};
			name = Debug;
		};
		C926460628D03A9C00F1B518 /* Release */ = {
			isa = XCBuildConfiguration;
			buildSettings = {
				ASSETCATALOG_COMPILER_APPICON_NAME = AppIcon;
				ASSETCATALOG_COMPILER_GLOBAL_ACCENT_COLOR_NAME = AccentColor;
				CODE_SIGN_STYLE = Automatic;
				CURRENT_PROJECT_VERSION = 1;
				DEVELOPMENT_TEAM = 3665C8ZVRS;
				GENERATE_INFOPLIST_FILE = YES;
				INFOPLIST_FILE = WeatherApp/Info.plist;
				INFOPLIST_KEY_NSLocationAlwaysAndWhenInUseUsageDescription = "We need your location in order to grab the weather data";
				INFOPLIST_KEY_UIApplicationSupportsIndirectInputEvents = YES;
				INFOPLIST_KEY_UILaunchStoryboardName = LaunchScreen;
				INFOPLIST_KEY_UIMainStoryboardFile = Main;
				INFOPLIST_KEY_UISupportedInterfaceOrientations_iPad = "UIInterfaceOrientationPortrait UIInterfaceOrientationPortraitUpsideDown UIInterfaceOrientationLandscapeLeft UIInterfaceOrientationLandscapeRight";
				INFOPLIST_KEY_UISupportedInterfaceOrientations_iPhone = "UIInterfaceOrientationPortrait UIInterfaceOrientationLandscapeLeft UIInterfaceOrientationLandscapeRight";
				LD_RUNPATH_SEARCH_PATHS = (
					"$(inherited)",
					"@executable_path/Frameworks",
				);
				MARKETING_VERSION = 1.0;
				PRODUCT_BUNDLE_IDENTIFIER = com.Example.WeatherApp;
				PRODUCT_NAME = "$(TARGET_NAME)";
				SWIFT_EMIT_LOC_STRINGS = YES;
				SWIFT_VERSION = 5.0;
				TARGETED_DEVICE_FAMILY = "1,2";
			};
			name = Release;
		};
/* End XCBuildConfiguration section */

/* Begin XCConfigurationList section */
		C92645EB28D03A9700F1B518 /* Build configuration list for PBXProject "WeatherApp" */ = {
			isa = XCConfigurationList;
			buildConfigurations = (
				C926460228D03A9C00F1B518 /* Debug */,
				C926460328D03A9C00F1B518 /* Release */,
			);
			defaultConfigurationIsVisible = 0;
			defaultConfigurationName = Release;
		};
		C926460428D03A9C00F1B518 /* Build configuration list for PBXNativeTarget "WeatherApp" */ = {
			isa = XCConfigurationList;
			buildConfigurations = (
				C926460528D03A9C00F1B518 /* Debug */,
				C926460628D03A9C00F1B518 /* Release */,
			);
			defaultConfigurationIsVisible = 0;
			defaultConfigurationName = Release;
		};
/* End XCConfigurationList section */
	};
	rootObject = C92645E828D03A9700F1B518 /* Project object */;
}
